
Microsoft Visual Studio Solution File, Format Version 12.00
# Visual Studio 2013
VisualStudioVersion = 12.0.21005.1
MinimumVisualStudioVersion = 10.0.40219.1
Project("{8BC9CEB8-8B4A-11D0-8D11-00A0C91BC942}") = "MoyamoyaProcessing", "MoyamoyaProcessing\MoyamoyaProcessing.vcxproj", "{7FA8B81E-5AC0-496F-A614-FB87EE5672AF}"
EndProject
Global
	GlobalSection(SolutionConfigurationPlatforms) = preSolution
		Debug|Win32 = Debug|Win32
		Debug|x64 = Debug|x64
		Release|Win32 = Release|Win32
		Release|x64 = Release|x64
	EndGlobalSection
	GlobalSection(ProjectConfigurationPlatforms) = postSolution
		{7FA8B81E-5AC0-496F-A614-FB87EE5672AF}.Debug|Win32.ActiveCfg = Debug|Win32
		{7FA8B81E-5AC0-496F-A614-FB87EE5672AF}.Debug|Win32.Build.0 = Debug|Win32
		{7FA8B81E-5AC0-496F-A614-FB87EE5672AF}.Debug|x64.ActiveCfg = Debug|x64
		{7FA8B81E-5AC0-496F-A614-FB87EE5672AF}.Debug|x64.Build.0 = Debug|x64
		{7FA8B81E-5AC0-496F-A614-FB87EE5672AF}.Release|Win32.ActiveCfg = Release|Win32
		{7FA8B81E-5AC0-496F-A614-FB87EE5672AF}.Release|Win32.Build.0 = Release|Win32
		{7FA8B81E-5AC0-496F-A614-FB87EE5672AF}.Release|x64.ActiveCfg = Release|x64
		{7FA8B81E-5AC0-496F-A614-FB87EE5672AF}.Release|x64.Build.0 = Release|x64
	EndGlobalSection
	GlobalSection(SolutionProperties) = preSolution
		HideSolutionNode = FALSE
	EndGlobalSection
EndGlobal
